
Microsoft Visual Studio Solution File, Format Version 12.00
Project("{FAE04EC0-301F-11D3-BF4B-00C04F79EFBC}") = "BattleshipsCLI", "BattleshipsCLI\BattleshipsCLI.csproj", "{295564F1-19FF-4584-B22C-E74AAEA96E84}"
EndProject
Project("{FAE04EC0-301F-11D3-BF4B-00C04F79EFBC}") = "BattleshipCLITests", "BattleshipCLITests\BattleshipCLITests.csproj", "{AC5F05B5-512A-452E-AD4C-5ED81B5A9887}"
EndProject
Global
	GlobalSection(SolutionConfigurationPlatforms) = preSolution
		Debug|Any CPU = Debug|Any CPU
		Release|Any CPU = Release|Any CPU
	EndGlobalSection
	GlobalSection(ProjectConfigurationPlatforms) = postSolution
		{295564F1-19FF-4584-B22C-E74AAEA96E84}.Debug|Any CPU.ActiveCfg = Debug|Any CPU
		{295564F1-19FF-4584-B22C-E74AAEA96E84}.Debug|Any CPU.Build.0 = Debug|Any CPU
		{295564F1-19FF-4584-B22C-E74AAEA96E84}.Release|Any CPU.ActiveCfg = Release|Any CPU
		{295564F1-19FF-4584-B22C-E74AAEA96E84}.Release|Any CPU.Build.0 = Release|Any CPU
		{AC5F05B5-512A-452E-AD4C-5ED81B5A9887}.Debug|Any CPU.ActiveCfg = Debug|Any CPU
		{AC5F05B5-512A-452E-AD4C-5ED81B5A9887}.Debug|Any CPU.Build.0 = Debug|Any CPU
		{AC5F05B5-512A-452E-AD4C-5ED81B5A9887}.Release|Any CPU.ActiveCfg = Release|Any CPU
		{AC5F05B5-512A-452E-AD4C-5ED81B5A9887}.Release|Any CPU.Build.0 = Release|Any CPU
	EndGlobalSection
EndGlobal
